
Microsoft Visual Studio Solution File, Format Version 12.00
# Visual Studio Version 16
VisualStudioVersion = 16.0.31613.86
MinimumVisualStudioVersion = 10.0.40219.1
Project("{FAE04EC0-301F-11D3-BF4B-00C04F79EFBC}") = "NeuralRegressionNetwork", "NeuralRegressionNetwork.csproj", "{48578BED-6542-4DAD-9922-BCE546DBD508}"
EndProject
Global
	GlobalSection(SolutionConfigurationPlatforms) = preSolution
		Debug|Any CPU = Debug|Any CPU
		Release|Any CPU = Release|Any CPU
	EndGlobalSection
	GlobalSection(ProjectConfigurationPlatforms) = postSolution
		{48578BED-6542-4DAD-9922-BCE546DBD508}.Debug|Any CPU.ActiveCfg = Debug|Any CPU
		{48578BED-6542-4DAD-9922-BCE546DBD508}.Debug|Any CPU.Build.0 = Debug|Any CPU
		{48578BED-6542-4DAD-9922-BCE546DBD508}.Release|Any CPU.ActiveCfg = Release|Any CPU
		{48578BED-6542-4DAD-9922-BCE546DBD508}.Release|Any CPU.Build.0 = Release|Any CPU
	EndGlobalSection
	GlobalSection(SolutionProperties) = preSolution
		HideSolutionNode = FALSE
	EndGlobalSection
	GlobalSection(ExtensibilityGlobals) = postSolution
		SolutionGuid = {E4289C65-7912-464D-9B95-AE4C03BFE70C}
	EndGlobalSection
EndGlobal
